
Microsoft Visual Studio Solution File, Format Version 12.00
# Visual Studio 2012
Project("{FAE04EC0-301F-11D3-BF4B-00C04F79EFBC}") = "WMpp", "MvcApplication6\WMpp.csproj", "{3EF5CB75-531A-45B8-991F-13D1D808BCC8}"
EndProject
Project("{FAE04EC0-301F-11D3-BF4B-00C04F79EFBC}") = "EFDL", "EFDL\EFDL.csproj", "{33897927-DA7C-4FF8-B513-D0367D9678C0}"
EndProject
Global
	GlobalSection(SolutionConfigurationPlatforms) = preSolution
		Debug|Any CPU = Debug|Any CPU
		Release|Any CPU = Release|Any CPU
	EndGlobalSection
	GlobalSection(ProjectConfigurationPlatforms) = postSolution
		{3EF5CB75-531A-45B8-991F-13D1D808BCC8}.Debug|Any CPU.ActiveCfg = Debug|Any CPU
		{3EF5CB75-531A-45B8-991F-13D1D808BCC8}.Debug|Any CPU.Build.0 = Debug|Any CPU
		{3EF5CB75-531A-45B8-991F-13D1D808BCC8}.Release|Any CPU.ActiveCfg = Release|Any CPU
		{3EF5CB75-531A-45B8-991F-13D1D808BCC8}.Release|Any CPU.Build.0 = Release|Any CPU
		{33897927-DA7C-4FF8-B513-D0367D9678C0}.Debug|Any CPU.ActiveCfg = Debug|Any CPU
		{33897927-DA7C-4FF8-B513-D0367D9678C0}.Debug|Any CPU.Build.0 = Debug|Any CPU
		{33897927-DA7C-4FF8-B513-D0367D9678C0}.Release|Any CPU.ActiveCfg = Release|Any CPU
		{33897927-DA7C-4FF8-B513-D0367D9678C0}.Release|Any CPU.Build.0 = Release|Any CPU
	EndGlobalSection
	GlobalSection(SolutionProperties) = preSolution
		HideSolutionNode = FALSE
	EndGlobalSection
	GlobalSection(ExtensibilityGlobals) = postSolution
		VisualSVNWorkingCopyRoot = .
	EndGlobalSection
EndGlobal
